
Microsoft Visual Studio Solution File, Format Version 12.00
# Visual Studio 15
VisualStudioVersion = 15.0.27428.2043
MinimumVisualStudioVersion = 10.0.40219.1
Project("{FAE04EC0-301F-11D3-BF4B-00C04F79EFBC}") = "thinkproject.Rest", "tprest\thinkproject.Rest.csproj", "{B54DB136-2CAD-4152-8630-60DB6E47A060}"
EndProject
Project("{FAE04EC0-301F-11D3-BF4B-00C04F79EFBC}") = "thinkproject.RestTest", "tpresttest\thinkproject.RestTest.csproj", "{73710F70-DD18-4B4E-94DB-5C1BA28028AE}"
EndProject
Project("{FAE04EC0-301F-11D3-BF4B-00C04F79EFBC}") = "tpDynamo", "tpDynamo\tpDynamo.csproj", "{40D72CB9-4842-45FE-B9B6-0AF1D9C8D833}"
EndProject
Project("{FAE04EC0-301F-11D3-BF4B-00C04F79EFBC}") = "tpDynamoUI", "tpDynamoUI\tpDynamoUI.csproj", "{3F04BB2D-5EF2-4077-BB96-0DE41548E425}"
EndProject
Global
	GlobalSection(SolutionConfigurationPlatforms) = preSolution
		Debug|Any CPU = Debug|Any CPU
		Release|Any CPU = Release|Any CPU
	EndGlobalSection
	GlobalSection(ProjectConfigurationPlatforms) = postSolution
		{B54DB136-2CAD-4152-8630-60DB6E47A060}.Debug|Any CPU.ActiveCfg = Debug|Any CPU
		{B54DB136-2CAD-4152-8630-60DB6E47A060}.Debug|Any CPU.Build.0 = Debug|Any CPU
		{B54DB136-2CAD-4152-8630-60DB6E47A060}.Release|Any CPU.ActiveCfg = Release|Any CPU
		{B54DB136-2CAD-4152-8630-60DB6E47A060}.Release|Any CPU.Build.0 = Release|Any CPU
		{73710F70-DD18-4B4E-94DB-5C1BA28028AE}.Debug|Any CPU.ActiveCfg = Debug|Any CPU
		{73710F70-DD18-4B4E-94DB-5C1BA28028AE}.Debug|Any CPU.Build.0 = Debug|Any CPU
		{73710F70-DD18-4B4E-94DB-5C1BA28028AE}.Release|Any CPU.ActiveCfg = Release|Any CPU
		{73710F70-DD18-4B4E-94DB-5C1BA28028AE}.Release|Any CPU.Build.0 = Release|Any CPU
		{40D72CB9-4842-45FE-B9B6-0AF1D9C8D833}.Debug|Any CPU.ActiveCfg = Debug|Any CPU
		{40D72CB9-4842-45FE-B9B6-0AF1D9C8D833}.Debug|Any CPU.Build.0 = Debug|Any CPU
		{40D72CB9-4842-45FE-B9B6-0AF1D9C8D833}.Release|Any CPU.ActiveCfg = Release|Any CPU
		{40D72CB9-4842-45FE-B9B6-0AF1D9C8D833}.Release|Any CPU.Build.0 = Release|Any CPU
		{3F04BB2D-5EF2-4077-BB96-0DE41548E425}.Debug|Any CPU.ActiveCfg = Debug|Any CPU
		{3F04BB2D-5EF2-4077-BB96-0DE41548E425}.Debug|Any CPU.Build.0 = Debug|Any CPU
		{3F04BB2D-5EF2-4077-BB96-0DE41548E425}.Release|Any CPU.ActiveCfg = Release|Any CPU
		{3F04BB2D-5EF2-4077-BB96-0DE41548E425}.Release|Any CPU.Build.0 = Release|Any CPU
	EndGlobalSection
	GlobalSection(SolutionProperties) = preSolution
		HideSolutionNode = FALSE
	EndGlobalSection
	GlobalSection(ExtensibilityGlobals) = postSolution
		SolutionGuid = {6B78FBA6-7518-42FF-8C05-24C9B89387C9}
	EndGlobalSection
EndGlobal
